
Microsoft Visual Studio Solution File, Format Version 12.00
# Visual Studio Version 16
VisualStudioVersion = 16.0.30611.23
MinimumVisualStudioVersion = 10.0.40219.1
Project("{FAE04EC0-301F-11D3-BF4B-00C04F79EFBC}") = "Final", "Final\Final.csproj", "{52035F07-59CB-4CF4-BB90-1217396CB167}"
EndProject
Global
	GlobalSection(SolutionConfigurationPlatforms) = preSolution
		Debug|Any CPU = Debug|Any CPU
		Release|Any CPU = Release|Any CPU
	EndGlobalSection
	GlobalSection(ProjectConfigurationPlatforms) = postSolution
		{52035F07-59CB-4CF4-BB90-1217396CB167}.Debug|Any CPU.ActiveCfg = Debug|Any CPU
		{52035F07-59CB-4CF4-BB90-1217396CB167}.Debug|Any CPU.Build.0 = Debug|Any CPU
		{52035F07-59CB-4CF4-BB90-1217396CB167}.Release|Any CPU.ActiveCfg = Release|Any CPU
		{52035F07-59CB-4CF4-BB90-1217396CB167}.Release|Any CPU.Build.0 = Release|Any CPU
	EndGlobalSection
	GlobalSection(SolutionProperties) = preSolution
		HideSolutionNode = FALSE
	EndGlobalSection
	GlobalSection(ExtensibilityGlobals) = postSolution
		SolutionGuid = {2431A718-ACEB-40EF-B08F-5E4492649089}
	EndGlobalSection
EndGlobal
